{
  "name": "shared-utils",
  "version": "2.0.1",
  "lockfileVersion": 1,
  "requires": true,
  "dependencies": {
    "audio-utils": {
      "version": "2.0.2",
      "resolved": "https://registry.npmjs.org/audio-utils/-/audio-utils-2.0.2.tgz",
      "integrity": "sha512-gPvZRIRntxY2ybakvRFZp7TeEDUUqL4rIPR7zGGFUjnYmaq2KzSxhDG3zbWYVzc1pBjBOwyM7MiKGdU+Mip5Aw==",
      "requires": {
        "shared-utils": "2.x.x"
      }
    },
    "shared-utils": {
      "version": "2.0.1",
      "resolved": "https://registry.npmjs.org/shared-utils/-/shared-utils-2.0.1.tgz",
      "integrity": "sha512-Vcs19dPxvGA7mQ5AuWqNuQl3YAPf+IbDajXOhiDYE1V5yQ9InxFKyrAUIwut/akGZlMV1zKP9nMgZB0pVwiUkg==",
      "requires": {
        "audio-utils": "x.x.x"
      }
    }
  }
}
